// !$*UTF8*$!
{
	archiveVersion = 1;
	classes = {
	};
	objectVersion = 46;
	objects = {

/* Begin PBXBuildFile section */
		1CA732771F824BC1003CA229 /* AppDelegate.swift in Sources */ = {isa = PBXBuildFile; fileRef = 1CA732761F824BC1003CA229 /* AppDelegate.swift */; };
		1CA732791F824BC1003CA229 /* ViewController.swift in Sources */ = {isa = PBXBuildFile; fileRef = 1CA732781F824BC1003CA229 /* ViewController.swift */; };
		1CA7327C1F824BC1003CA229 /* Main.storyboard in Resources */ = {isa = PBXBuildFile; fileRef = 1CA7327A1F824BC1003CA229 /* Main.storyboard */; };
		1CA7327E1F824BC1003CA229 /* Assets.xcassets in Resources */ = {isa = PBXBuildFile; fileRef = 1CA7327D1F824BC1003CA229 /* Assets.xcassets */; };
		1CA732811F824BC1003CA229 /* LaunchScreen.storyboard in Resources */ = {isa = PBXBuildFile; fileRef = 1CA7327F1F824BC1003CA229 /* LaunchScreen.storyboard */; };
		1CA7328C1F824BC1003CA229 /* ChangedColorsAppTests.swift in Sources */ = {isa = PBXBuildFile; fileRef = 1CA7328B1F824BC1003CA229 /* ChangedColorsAppTests.swift */; };
		1CA732971F824BC1003CA229 /* ChangedColorsAppUITests.swift in Sources */ = {isa = PBXBuildFile; fileRef = 1CA732961F824BC1003CA229 /* ChangedColorsAppUITests.swift */; };
		1CA732A51F825586003CA229 /* SecondPage.swift in Sources */ = {isa = PBXBuildFile; fileRef = 1CA732A41F825586003CA229 /* SecondPage.swift */; };
/* End PBXBuildFile section */

/* Begin PBXContainerItemProxy section */
		1CA732881F824BC1003CA229 /* PBXContainerItemProxy */ = {
			isa = PBXContainerItemProxy;
			containerPortal = 1CA7326B1F824BC0003CA229 /* Project object */;
			proxyType = 1;
			remoteGlobalIDString = 1CA732721F824BC0003CA229;
			remoteInfo = ChangedColorsApp;
		};
		1CA732931F824BC1003CA229 /* PBXContainerItemProxy */ = {
			isa = PBXContainerItemProxy;
			containerPortal = 1CA7326B1F824BC0003CA229 /* Project object */;
			proxyType = 1;
			remoteGlobalIDString = 1CA732721F824BC0003CA229;
			remoteInfo = ChangedColorsApp;
		};
/* End PBXContainerItemProxy section */

/* Begin PBXFileReference section */
		1CA732731F824BC1003CA229 /* ChangedColorsApp.app */ = {isa = PBXFileReference; explicitFileType = wrapper.application; includeInIndex = 0; path = ChangedColorsApp.app; sourceTree = BUILT_PRODUCTS_DIR; };
		1CA732761F824BC1003CA229 /* AppDelegate.swift */ = {isa = PBXFileReference; lastKnownFileType = sourcecode.swift; path = AppDelegate.swift; sourceTree = "<group>"; };
		1CA732781F824BC1003CA229 /* ViewController.swift */ = {isa = PBXFileReference; lastKnownFileType = sourcecode.swift; path = ViewController.swift; sourceTree = "<group>"; };
		1CA7327B1F824BC1003CA229 /* Base */ = {isa = PBXFileReference; lastKnownFileType = file.storyboard; name = Base; path = Base.lproj/Main.storyboard; sourceTree = "<group>"; };
		1CA7327D1F824BC1003CA229 /* Assets.xcassets */ = {isa = PBXFileReference; lastKnownFileType = folder.assetcatalog; path = Assets.xcassets; sourceTree = "<group>"; };
		1CA732801F824BC1003CA229 /* Base */ = {isa = PBXFileReference; lastKnownFileType = file.storyboard; name = Base; path = Base.lproj/LaunchScreen.storyboard; sourceTree = "<group>"; };
		1CA732821F824BC1003CA229 /* Info.plist */ = {isa = PBXFileReference; lastKnownFileType = text.plist.xml; path = Info.plist; sourceTree = "<group>"; };
		1CA732871F824BC1003CA229 /* ChangedColorsAppTests.xctest */ = {isa = PBXFileReference; explicitFileType = wrapper.cfbundle; includeInIndex = 0; path = ChangedColorsAppTests.xctest; sourceTree = BUILT_PRODUCTS_DIR; };
		1CA7328B1F824BC1003CA229 /* ChangedColorsAppTests.swift */ = {isa = PBXFileReference; lastKnownFileType = sourcecode.swift; path = ChangedColorsAppTests.swift; sourceTree = "<group>"; };
		1CA7328D1F824BC1003CA229 /* Info.plist */ = {isa = PBXFileReference; lastKnownFileType = text.plist.xml; path = Info.plist; sourceTree = "<group>"; };
		1CA732921F824BC1003CA229 /* ChangedColorsAppUITests.xctest */ = {isa = PBXFileReference; explicitFileType = wrapper.cfbundle; includeInIndex = 0; path = ChangedColorsAppUITests.xctest; sourceTree = BUILT_PRODUCTS_DIR; };
		1CA732961F824BC1003CA229 /* ChangedColorsAppUITests.swift */ = {isa = PBXFileReference; lastKnownFileType = sourcecode.swift; path = ChangedColorsAppUITests.swift; sourceTree = "<group>"; };
		1CA732981F824BC1003CA229 /* Info.plist */ = {isa = PBXFileReference; lastKnownFileType = text.plist.xml; path = Info.plist; sourceTree = "<group>"; };
		1CA732A41F825586003CA229 /* SecondPage.swift */ = {isa = PBXFileReference; fileEncoding = 4; lastKnownFileType = sourcecode.swift; path = SecondPage.swift; sourceTree = "<group>"; };
/* End PBXFileReference section */

/* Begin PBXFrameworksBuildPhase section */
		1CA732701F824BC0003CA229 /* Frameworks */ = {
			isa = PBXFrameworksBuildPhase;
			buildActionMask = 2147483647;
			files = (
			);
			runOnlyForDeploymentPostprocessing = 0;
		};
		1CA732841F824BC1003CA229 /* Frameworks */ = {
			isa = PBXFrameworksBuildPhase;
			buildActionMask = 2147483647;
			files = (
			);
			runOnlyForDeploymentPostprocessing = 0;
		};
		1CA7328F1F824BC1003CA229 /* Frameworks */ = {
			isa = PBXFrameworksBuildPhase;
			buildActionMask = 2147483647;
			files = (
			);
			runOnlyForDeploymentPostprocessing = 0;
		};
/* End PBXFrameworksBuildPhase section */

/* Begin PBXGroup section */
		1CA7326A1F824BC0003CA229 = {
			isa = PBXGroup;
			children = (
				1CA732751F824BC1003CA229 /* ChangedColorsApp */,
				1CA7328A1F824BC1003CA229 /* ChangedColorsAppTests */,
				1CA732951F824BC1003CA229 /* ChangedColorsAppUITests */,
				1CA732741F824BC1003CA229 /* Products */,
			);
			sourceTree = "<group>";
		};
		1CA732741F824BC1003CA229 /* Products */ = {
			isa = PBXGroup;
			children = (
				1CA732731F824BC1003CA229 /* ChangedColorsApp.app */,
				1CA732871F824BC1003CA229 /* ChangedColorsAppTests.xctest */,
				1CA732921F824BC1003CA229 /* ChangedColorsAppUITests.xctest */,
			);
			name = Products;
			sourceTree = "<group>";
		};
		1CA732751F824BC1003CA229 /* ChangedColorsApp */ = {
			isa = PBXGroup;
			children = (
				1CA732761F824BC1003CA229 /* AppDelegate.swift */,
				1CA732781F824BC1003CA229 /* ViewController.swift */,
				1CA7327A1F824BC1003CA229 /* Main.storyboard */,
				1CA7327D1F824BC1003CA229 /* Assets.xcassets */,
				1CA7327F1F824BC1003CA229 /* LaunchScreen.storyboard */,
				1CA732821F824BC1003CA229 /* Info.plist */,
				1CA732A41F825586003CA229 /* SecondPage.swift */,
			);
			path = ChangedColorsApp;
			sourceTree = "<group>";
		};
		1CA7328A1F824BC1003CA229 /* ChangedColorsAppTests */ = {
			isa = PBXGroup;
			children = (
				1CA7328B1F824BC1003CA229 /* ChangedColorsAppTests.swift */,
				1CA7328D1F824BC1003CA229 /* Info.plist */,
			);
			path = ChangedColorsAppTests;
			sourceTree = "<group>";
		};
		1CA732951F824BC1003CA229 /* ChangedColorsAppUITests */ = {
			isa = PBXGroup;
			children = (
				1CA732961F824BC1003CA229 /* ChangedColorsAppUITests.swift */,
				1CA732981F824BC1003CA229 /* Info.plist */,
			);
			path = ChangedColorsAppUITests;
			sourceTree = "<group>";
		};
/* End PBXGroup section */

/* Begin PBXNativeTarget section */
		1CA732721F824BC0003CA229 /* ChangedColorsApp */ = {
			isa = PBXNativeTarget;
			buildConfigurationList = 1CA7329B1F824BC1003CA229 /* Build configuration list for PBXNativeTarget "ChangedColorsApp" */;
			buildPhases = (
				1CA7326F1F824BC0003CA229 /* Sources */,
				1CA732701F824BC0003CA229 /* Frameworks */,
				1CA732711F824BC0003CA229 /* Resources */,
			);
			buildRules = (
			);
			dependencies = (
			);
			name = ChangedColorsApp;
			productName = ChangedColorsApp;
			productReference = 1CA732731F824BC1003CA229 /* ChangedColorsApp.app */;
			productType = "com.apple.product-type.application";
		};
		1CA732861F824BC1003CA229 /* ChangedColorsAppTests */ = {
			isa = PBXNativeTarget;
			buildConfigurationList = 1CA7329E1F824BC1003CA229 /* Build configuration list for PBXNativeTarget "ChangedColorsAppTests" */;
			buildPhases = (
				1CA732831F824BC1003CA229 /* Sources */,
				1CA732841F824BC1003CA229 /* Frameworks */,
				1CA732851F824BC1003CA229 /* Resources */,
			);
			buildRules = (
			);
			dependencies = (
				1CA732891F824BC1003CA229 /* PBXTargetDependency */,
			);
			name = ChangedColorsAppTests;
			productName = ChangedColorsAppTests;
			productReference = 1CA732871F824BC1003CA229 /* ChangedColorsAppTests.xctest */;
			productType = "com.apple.product-type.bundle.unit-test";
		};
		1CA732911F824BC1003CA229 /* ChangedColorsAppUITests */ = {
			isa = PBXNativeTarget;
			buildConfigurationList = 1CA732A11F824BC1003CA229 /* Build configuration list for PBXNativeTarget "ChangedColorsAppUITests" */;
			buildPhases = (
				1CA7328E1F824BC1003CA229 /* Sources */,
				1CA7328F1F824BC1003CA229 /* Frameworks */,
				1CA732901F824BC1003CA229 /* Resources */,
			);
			buildRules = (
			);
			dependencies = (
				1CA732941F824BC1003CA229 /* PBXTargetDependency */,
			);
			name = ChangedColorsAppUITests;
			productName = ChangedColorsAppUITests;
			productReference = 1CA732921F824BC1003CA229 /* ChangedColorsAppUITests.xctest */;
			productType = "com.apple.product-type.bundle.ui-testing";
		};
/* End PBXNativeTarget section */

/* Begin PBXProject section */
		1CA7326B1F824BC0003CA229 /* Project object */ = {
			isa = PBXProject;
			attributes = {
				LastSwiftUpdateCheck = 0830;
				LastUpgradeCheck = 0830;
				ORGANIZATIONNAME = kugim;
				TargetAttributes = {
					1CA732721F824BC0003CA229 = {
						CreatedOnToolsVersion = 8.3.3;
						ProvisioningStyle = Automatic;
					};
					1CA732861F824BC1003CA229 = {
						CreatedOnToolsVersion = 8.3.3;
						ProvisioningStyle = Automatic;
						TestTargetID = 1CA732721F824BC0003CA229;
					};
					1CA732911F824BC1003CA229 = {
						CreatedOnToolsVersion = 8.3.3;
						ProvisioningStyle = Automatic;
						TestTargetID = 1CA732721F824BC0003CA229;
					};
				};
			};
			buildConfigurationList = 1CA7326E1F824BC0003CA229 /* Build configuration list for PBXProject "ChangedColorsApp" */;
			compatibilityVersion = "Xcode 3.2";
			developmentRegion = English;
			hasScannedForEncodings = 0;
			knownRegions = (
				en,
				Base,
			);
			mainGroup = 1CA7326A1F824BC0003CA229;
			productRefGroup = 1CA732741F824BC1003CA229 /* Products */;
			projectDirPath = "";
			projectRoot = "";
			targets = (
				1CA732721F824BC0003CA229 /* ChangedColorsApp */,
				1CA732861F824BC1003CA229 /* ChangedColorsAppTests */,
				1CA732911F824BC1003CA229 /* ChangedColorsAppUITests */,
			);
		};
/* End PBXProject section */

/* Begin PBXResourcesBuildPhase section */
		1CA732711F824BC0003CA229 /* Resources */ = {
			isa = PBXResourcesBuildPhase;
			buildActionMask = 2147483647;
			files = (
				1CA732811F824BC1003CA229 /* LaunchScreen.storyboard in Resources */,
				1CA7327E1F824BC1003CA229 /* Assets.xcassets in Resources */,
				1CA7327C1F824BC1003CA229 /* Main.storyboard in Resources */,
			);
			runOnlyForDeploymentPostprocessing = 0;
		};
		1CA732851F824BC1003CA229 /* Resources */ = {
			isa = PBXResourcesBuildPhase;
			buildActionMask = 2147483647;
			files = (
			);
			runOnlyForDeploymentPostprocessing = 0;
		};
		1CA732901F824BC1003CA229 /* Resources */ = {
			isa = PBXResourcesBuildPhase;
			buildActionMask = 2147483647;
			files = (
			);
			runOnlyForDeploymentPostprocessing = 0;
		};
/* End PBXResourcesBuildPhase section */

/* Begin PBXSourcesBuildPhase section */
		1CA7326F1F824BC0003CA229 /* Sources */ = {
			isa = PBXSourcesBuildPhase;
			buildActionMask = 2147483647;
			files = (
				1CA732791F824BC1003CA229 /* ViewController.swift in Sources */,
				1CA732771F824BC1003CA229 /* AppDelegate.swift in Sources */,
				1CA732A51F825586003CA229 /* SecondPage.swift in Sources */,
			);
			runOnlyForDeploymentPostprocessing = 0;
		};
		1CA732831F824BC1003CA229 /* Sources */ = {
			isa = PBXSourcesBuildPhase;
			buildActionMask = 2147483647;
			files = (
				1CA7328C1F824BC1003CA229 /* ChangedColorsAppTests.swift in Sources */,
			);
			runOnlyForDeploymentPostprocessing = 0;
		};
		1CA7328E1F824BC1003CA229 /* Sources */ = {
			isa = PBXSourcesBuildPhase;
			buildActionMask = 2147483647;
			files = (
				1CA732971F824BC1003CA229 /* ChangedColorsAppUITests.swift in Sources */,
			);
			runOnlyForDeploymentPostprocessing = 0;
		};
/* End PBXSourcesBuildPhase section */

/* Begin PBXTargetDependency section */
		1CA732891F824BC1003CA229 /* PBXTargetDependency */ = {
			isa = PBXTargetDependency;
			target = 1CA732721F824BC0003CA229 /* ChangedColorsApp */;
			targetProxy = 1CA732881F824BC1003CA229 /* PBXContainerItemProxy */;
		};
		1CA732941F824BC1003CA229 /* PBXTargetDependency */ = {
			isa = PBXTargetDependency;
			target = 1CA732721F824BC0003CA229 /* ChangedColorsApp */;
			targetProxy = 1CA732931F824BC1003CA229 /* PBXContainerItemProxy */;
		};
/* End PBXTargetDependency section */

/* Begin PBXVariantGroup section */
		1CA7327A1F824BC1003CA229 /* Main.storyboard */ = {
			isa = PBXVariantGroup;
			children = (
				1CA7327B1F824BC1003CA229 /* Base */,
			);
			name = Main.storyboard;
			sourceTree = "<group>";
		};
		1CA7327F1F824BC1003CA229 /* LaunchScreen.storyboard */ = {
			isa = PBXVariantGroup;
			children = (
				1CA732801F824BC1003CA229 /* Base */,
			);
			name = LaunchScreen.storyboard;
			sourceTree = "<group>";
		};
/* End PBXVariantGroup section */

/* Begin XCBuildConfiguration section */
		1CA732991F824BC1003CA229 /* Debug */ = {
			isa = XCBuildConfiguration;
			buildSettings = {
				ALWAYS_SEARCH_USER_PATHS = NO;
				CLANG_ANALYZER_NONNULL = YES;
				CLANG_ANALYZER_NUMBER_OBJECT_CONVERSION = YES_AGGRESSIVE;
				CLANG_CXX_LANGUAGE_STANDARD = "gnu++0x";
				CLANG_CXX_LIBRARY = "libc++";
				CLANG_ENABLE_MODULES = YES;
				CLANG_ENABLE_OBJC_ARC = YES;
				CLANG_WARN_BOOL_CONVERSION = YES;
				CLANG_WARN_CONSTANT_CONVERSION = YES;
				CLANG_WARN_DIRECT_OBJC_ISA_USAGE = YES_ERROR;
				CLANG_WARN_DOCUMENTATION_COMMENTS = YES;
				CLANG_WARN_EMPTY_BODY = YES;
				CLANG_WARN_ENUM_CONVERSION = YES;
				CLANG_WARN_INFINITE_RECURSION = YES;
				CLANG_WARN_INT_CONVERSION = YES;
				CLANG_WARN_OBJC_ROOT_CLASS = YES_ERROR;
				CLANG_WARN_SUSPICIOUS_MOVE = YES;
				CLANG_WARN_UNREACHABLE_CODE = YES;
				CLANG_WARN__DUPLICATE_METHOD_MATCH = YES;
				"CODE_SIGN_IDENTITY[sdk=iphoneos*]" = "iPhone Developer";
				COPY_PHASE_STRIP = NO;
				DEBUG_INFORMATION_FORMAT = dwarf;
				ENABLE_STRICT_OBJC_MSGSEND = YES;
				ENABLE_TESTABILITY = YES;
				GCC_C_LANGUAGE_STANDARD = gnu99;
				GCC_DYNAMIC_NO_PIC = NO;
				GCC_NO_COMMON_BLOCKS = YES;
				GCC_OPTIMIZATION_LEVEL = 0;
				GCC_PREPROCESSOR_DEFINITIONS = (
					"DEBUG=1",
					"$(inherited)",
				);
				GCC_WARN_64_TO_32_BIT_CONVERSION = YES;
				GCC_WARN_ABOUT_RETURN_TYPE = YES_ERROR;
				GCC_WARN_UNDECLARED_SELECTOR = YES;
				GCC_WARN_UNINITIALIZED_AUTOS = YES_AGGRESSIVE;
				GCC_WARN_UNUSED_FUNCTION = YES;
				GCC_WARN_UNUSED_VARIABLE = YES;
				IPHONEOS_DEPLOYMENT_TARGET = 10.3;
				MTL_ENABLE_DEBUG_INFO = YES;
				ONLY_ACTIVE_ARCH = YES;
				SDKROOT = iphoneos;
				SWIFT_ACTIVE_COMPILATION_CONDITIONS = DEBUG;
				SWIFT_OPTIMIZATION_LEVEL = "-Onone";
				TARGETED_DEVICE_FAMILY = "1,2";
			};
			name = Debug;
		};
		1CA7329A1F824BC1003CA229 /* Release */ = {
			isa = XCBuildConfiguration;
			buildSettings = {
				ALWAYS_SEARCH_USER_PATHS = NO;
				CLANG_ANALYZER_NONNULL = YES;
				CLANG_ANALYZER_NUMBER_OBJECT_CONVERSION = YES_AGGRESSIVE;
				CLANG_CXX_LANGUAGE_STANDARD = "gnu++0x";
				CLANG_CXX_LIBRARY = "libc++";
				CLANG_ENABLE_MODULES = YES;
				CLANG_ENABLE_OBJC_ARC = YES;
				CLANG_WARN_BOOL_CONVERSION = YES;
				CLANG_WARN_CONSTANT_CONVERSION = YES;
				CLANG_WARN_DIRECT_OBJC_ISA_USAGE = YES_ERROR;
				CLANG_WARN_DOCUMENTATION_COMMENTS = YES;
				CLANG_WARN_EMPTY_BODY = YES;
				CLANG_WARN_ENUM_CONVERSION = YES;
				CLANG_WARN_INFINITE_RECURSION = YES;
				CLANG_WARN_INT_CONVERSION = YES;
				CLANG_WARN_OBJC_ROOT_CLASS = YES_ERROR;
				CLANG_WARN_SUSPICIOUS_MOVE = YES;
				CLANG_WARN_UNREACHABLE_CODE = YES;
				CLANG_WARN__DUPLICATE_METHOD_MATCH = YES;
				"CODE_SIGN_IDENTITY[sdk=iphoneos*]" = "iPhone Developer";
				COPY_PHASE_STRIP = NO;
				DEBUG_INFORMATION_FORMAT = "dwarf-with-dsym";
				ENABLE_NS_ASSERTIONS = NO;
				ENABLE_STRICT_OBJC_MSGSEND = YES;
				GCC_C_LANGUAGE_STANDARD = gnu99;
				GCC_NO_COMMON_BLOCKS = YES;
				GCC_WARN_64_TO_32_BIT_CONVERSION = YES;
				GCC_WARN_ABOUT_RETURN_TYPE = YES_ERROR;
				GCC_WARN_UNDECLARED_SELECTOR = YES;
				GCC_WARN_UNINITIALIZED_AUTOS = YES_AGGRESSIVE;
				GCC_WARN_UNUSED_FUNCTION = YES;
				GCC_WARN_UNUSED_VARIABLE = YES;
				IPHONEOS_DEPLOYMENT_TARGET = 10.3;
				MTL_ENABLE_DEBUG_INFO = NO;
				SDKROOT = iphoneos;
				SWIFT_OPTIMIZATION_LEVEL = "-Owholemodule";
				TARGETED_DEVICE_FAMILY = "1,2";
				VALIDATE_PRODUCT = YES;
			};
			name = Release;
		};
		1CA7329C1F824BC1003CA229 /* Debug */ = {
			isa = XCBuildConfiguration;
			buildSettings = {
				ASSETCATALOG_COMPILER_APPICON_NAME = AppIcon;
				INFOPLIST_FILE = ChangedColorsApp/Info.plist;
				LD_RUNPATH_SEARCH_PATHS = "$(inherited) @executable_path/Frameworks";
				PRODUCT_BUNDLE_IDENTIFIER = com.omerfaruk.ChangedColorsApp;
				PRODUCT_NAME = "$(TARGET_NAME)";
				SWIFT_VERSION = 3.0;
			};
			name = Debug;
		};
		1CA7329D1F824BC1003CA229 /* Release */ = {
			isa = XCBuildConfiguration;
			buildSettings = {
				ASSETCATALOG_COMPILER_APPICON_NAME = AppIcon;
				INFOPLIST_FILE = ChangedColorsApp/Info.plist;
				LD_RUNPATH_SEARCH_PATHS = "$(inherited) @executable_path/Frameworks";
				PRODUCT_BUNDLE_IDENTIFIER = com.omerfaruk.ChangedColorsApp;
				PRODUCT_NAME = "$(TARGET_NAME)";
				SWIFT_VERSION = 3.0;
			};
			name = Release;
		};
		1CA7329F1F824BC1003CA229 /* Debug */ = {
			isa = XCBuildConfiguration;
			buildSettings = {
				ALWAYS_EMBED_SWIFT_STANDARD_LIBRARIES = YES;
				BUNDLE_LOADER = "$(TEST_HOST)";
				INFOPLIST_FILE = ChangedColorsAppTests/Info.plist;
				LD_RUNPATH_SEARCH_PATHS = "$(inherited) @executable_path/Frameworks @loader_path/Frameworks";
				PRODUCT_BUNDLE_IDENTIFIER = com.omerfaruk.ChangedColorsAppTests;
				PRODUCT_NAME = "$(TARGET_NAME)";
				SWIFT_VERSION = 3.0;
				TEST_HOST = "$(BUILT_PRODUCTS_DIR)/ChangedColorsApp.app/ChangedColorsApp";
			};
			name = Debug;
		};
		1CA732A01F824BC1003CA229 /* Release */ = {
			isa = XCBuildConfiguration;
			buildSettings = {
				ALWAYS_EMBED_SWIFT_STANDARD_LIBRARIES = YES;
				BUNDLE_LOADER = "$(TEST_HOST)";
				INFOPLIST_FILE = ChangedColorsAppTests/Info.plist;
				LD_RUNPATH_SEARCH_PATHS = "$(inherited) @executable_path/Frameworks @loader_path/Frameworks";
				PRODUCT_BUNDLE_IDENTIFIER = com.omerfaruk.ChangedColorsAppTests;
				PRODUCT_NAME = "$(TARGET_NAME)";
				SWIFT_VERSION = 3.0;
				TEST_HOST = "$(BUILT_PRODUCTS_DIR)/ChangedColorsApp.app/ChangedColorsApp";
			};
			name = Release;
		};
		1CA732A21F824BC1003CA229 /* Debug */ = {
			isa = XCBuildConfiguration;
			buildSettings = {
				ALWAYS_EMBED_SWIFT_STANDARD_LIBRARIES = YES;
				INFOPLIST_FILE = ChangedColorsAppUITests/Info.plist;
				LD_RUNPATH_SEARCH_PATHS = "$(inherited) @executable_path/Frameworks @loader_path/Frameworks";
				PRODUCT_BUNDLE_IDENTIFIER = com.omerfaruk.ChangedColorsAppUITests;
				PRODUCT_NAME = "$(TARGET_NAME)";
				SWIFT_VERSION = 3.0;
				TEST_TARGET_NAME = ChangedColorsApp;
			};
			name = Debug;
		};
		1CA732A31F824BC1003CA229 /* Release */ = {
			isa = XCBuildConfiguration;
			buildSettings = {
				ALWAYS_EMBED_SWIFT_STANDARD_LIBRARIES = YES;
				INFOPLIST_FILE = ChangedColorsAppUITests/Info.plist;
				LD_RUNPATH_SEARCH_PATHS = "$(inherited) @executable_path/Frameworks @loader_path/Frameworks";
				PRODUCT_BUNDLE_IDENTIFIER = com.omerfaruk.ChangedColorsAppUITests;
				PRODUCT_NAME = "$(TARGET_NAME)";
				SWIFT_VERSION = 3.0;
				TEST_TARGET_NAME = ChangedColorsApp;
			};
			name = Release;
		};
/* End XCBuildConfiguration section */

/* Begin XCConfigurationList section */
		1CA7326E1F824BC0003CA229 /* Build configuration list for PBXProject "ChangedColorsApp" */ = {
			isa = XCConfigurationList;
			buildConfigurations = (
				1CA732991F824BC1003CA229 /* Debug */,
				1CA7329A1F824BC1003CA229 /* Release */,
			);
			defaultConfigurationIsVisible = 0;
			defaultConfigurationName = Release;
		};
		1CA7329B1F824BC1003CA229 /* Build configuration list for PBXNativeTarget "ChangedColorsApp" */ = {
			isa = XCConfigurationList;
			buildConfigurations = (
				1CA7329C1F824BC1003CA229 /* Debug */,
				1CA7329D1F824BC1003CA229 /* Release */,
			);
			defaultConfigurationIsVisible = 0;
		};
		1CA7329E1F824BC1003CA229 /* Build configuration list for PBXNativeTarget "ChangedColorsAppTests" */ = {
			isa = XCConfigurationList;
			buildConfigurations = (
				1CA7329F1F824BC1003CA229 /* Debug */,
				1CA732A01F824BC1003CA229 /* Release */,
			);
			defaultConfigurationIsVisible = 0;
		};
		1CA732A11F824BC1003CA229 /* Build configuration list for PBXNativeTarget "ChangedColorsAppUITests" */ = {
			isa = XCConfigurationList;
			buildConfigurations = (
				1CA732A21F824BC1003CA229 /* Debug */,
				1CA732A31F824BC1003CA229 /* Release */,
			);
			defaultConfigurationIsVisible = 0;
		};
/* End XCConfigurationList section */
	};
	rootObject = 1CA7326B1F824BC0003CA229 /* Project object */;
}
